// !$*UTF8*$!
{
	archiveVersion = 1;
	classes = {
	};
	objectVersion = 50;
	objects = {

/* Begin PBXBuildFile section */
		DEE4339E2627CB19001CF87B /* AppDelegate.swift in Sources */ = {isa = PBXBuildFile; fileRef = DEE4339D2627CB19001CF87B /* AppDelegate.swift */; };
		DEE433A02627CB19001CF87B /* ContentView.swift in Sources */ = {isa = PBXBuildFile; fileRef = DEE4339F2627CB19001CF87B /* ContentView.swift */; };
		DEE433A22627CB19001CF87B /* Assets.xcassets in Resources */ = {isa = PBXBuildFile; fileRef = DEE433A12627CB19001CF87B /* Assets.xcassets */; };
		DEE433A52627CB19001CF87B /* Preview Assets.xcassets in Resources */ = {isa = PBXBuildFile; fileRef = DEE433A42627CB19001CF87B /* Preview Assets.xcassets */; };
		DEE433A82627CB19001CF87B /* Main.storyboard in Resources */ = {isa = PBXBuildFile; fileRef = DEE433A62627CB19001CF87B /* Main.storyboard */; };
		DEE433B42627CB19001CF87B /* OrwellTests.swift in Sources */ = {isa = PBXBuildFile; fileRef = DEE433B32627CB19001CF87B /* OrwellTests.swift */; };
		DEE433BF2627CB19001CF87B /* OrwellUITests.swift in Sources */ = {isa = PBXBuildFile; fileRef = DEE433BE2627CB19001CF87B /* OrwellUITests.swift */; };
		DEE433DA2627CB9F001CF87B /* CameraView.swift in Sources */ = {isa = PBXBuildFile; fileRef = DEE433D92627CB9F001CF87B /* CameraView.swift */; };
		DEE433DF2627CBD3001CF87B /* WebcamContainerView.swift in Sources */ = {isa = PBXBuildFile; fileRef = DEE433DE2627CBD3001CF87B /* WebcamContainerView.swift */; };
		DEE433E42627CBF5001CF87B /* ContentViewModel.swift in Sources */ = {isa = PBXBuildFile; fileRef = DEE433E32627CBF5001CF87B /* ContentViewModel.swift */; };
		DEE433EA2627CCE6001CF87B /* UserSettings.swift in Sources */ = {isa = PBXBuildFile; fileRef = DEE433E92627CCE6001CF87B /* UserSettings.swift */; };
		DEE433F62628589E001CF87B /* ScreenRecordView.swift in Sources */ = {isa = PBXBuildFile; fileRef = DEE433F52628589E001CF87B /* ScreenRecordView.swift */; };
/* End PBXBuildFile section */

/* Begin PBXContainerItemProxy section */
		DEE433B02627CB19001CF87B /* PBXContainerItemProxy */ = {
			isa = PBXContainerItemProxy;
			containerPortal = DEE433922627CB19001CF87B /* Project object */;
			proxyType = 1;
			remoteGlobalIDString = DEE433992627CB19001CF87B;
			remoteInfo = Orwell;
		};
		DEE433BB2627CB19001CF87B /* PBXContainerItemProxy */ = {
			isa = PBXContainerItemProxy;
			containerPortal = DEE433922627CB19001CF87B /* Project object */;
			proxyType = 1;
			remoteGlobalIDString = DEE433992627CB19001CF87B;
			remoteInfo = Orwell;
		};
/* End PBXContainerItemProxy section */

/* Begin PBXFileReference section */
		DEE4339A2627CB19001CF87B /* Orwell.app */ = {isa = PBXFileReference; explicitFileType = wrapper.application; includeInIndex = 0; path = Orwell.app; sourceTree = BUILT_PRODUCTS_DIR; };
		DEE4339D2627CB19001CF87B /* AppDelegate.swift */ = {isa = PBXFileReference; lastKnownFileType = sourcecode.swift; path = AppDelegate.swift; sourceTree = "<group>"; };
		DEE4339F2627CB19001CF87B /* ContentView.swift */ = {isa = PBXFileReference; lastKnownFileType = sourcecode.swift; path = ContentView.swift; sourceTree = "<group>"; };
		DEE433A12627CB19001CF87B /* Assets.xcassets */ = {isa = PBXFileReference; lastKnownFileType = folder.assetcatalog; path = Assets.xcassets; sourceTree = "<group>"; };
		DEE433A42627CB19001CF87B /* Preview Assets.xcassets */ = {isa = PBXFileReference; lastKnownFileType = folder.assetcatalog; path = "Preview Assets.xcassets"; sourceTree = "<group>"; };
		DEE433A72627CB19001CF87B /* Base */ = {isa = PBXFileReference; lastKnownFileType = file.storyboard; name = Base; path = Base.lproj/Main.storyboard; sourceTree = "<group>"; };
		DEE433A92627CB19001CF87B /* Info.plist */ = {isa = PBXFileReference; lastKnownFileType = text.plist.xml; path = Info.plist; sourceTree = "<group>"; };
		DEE433AA2627CB19001CF87B /* Orwell.entitlements */ = {isa = PBXFileReference; lastKnownFileType = text.plist.entitlements; path = Orwell.entitlements; sourceTree = "<group>"; };
		DEE433AF2627CB19001CF87B /* OrwellTests.xctest */ = {isa = PBXFileReference; explicitFileType = wrapper.cfbundle; includeInIndex = 0; path = OrwellTests.xctest; sourceTree = BUILT_PRODUCTS_DIR; };
		DEE433B32627CB19001CF87B /* OrwellTests.swift */ = {isa = PBXFileReference; lastKnownFileType = sourcecode.swift; path = OrwellTests.swift; sourceTree = "<group>"; };
		DEE433B52627CB19001CF87B /* Info.plist */ = {isa = PBXFileReference; lastKnownFileType = text.plist.xml; path = Info.plist; sourceTree = "<group>"; };
		DEE433BA2627CB19001CF87B /* OrwellUITests.xctest */ = {isa = PBXFileReference; explicitFileType = wrapper.cfbundle; includeInIndex = 0; path = OrwellUITests.xctest; sourceTree = BUILT_PRODUCTS_DIR; };
		DEE433BE2627CB19001CF87B /* OrwellUITests.swift */ = {isa = PBXFileReference; lastKnownFileType = sourcecode.swift; path = OrwellUITests.swift; sourceTree = "<group>"; };
		DEE433C02627CB19001CF87B /* Info.plist */ = {isa = PBXFileReference; lastKnownFileType = text.plist.xml; path = Info.plist; sourceTree = "<group>"; };
		DEE433D92627CB9F001CF87B /* CameraView.swift */ = {isa = PBXFileReference; lastKnownFileType = sourcecode.swift; path = CameraView.swift; sourceTree = "<group>"; };
		DEE433DE2627CBD3001CF87B /* WebcamContainerView.swift */ = {isa = PBXFileReference; lastKnownFileType = sourcecode.swift; path = WebcamContainerView.swift; sourceTree = "<group>"; };
		DEE433E32627CBF5001CF87B /* ContentViewModel.swift */ = {isa = PBXFileReference; lastKnownFileType = sourcecode.swift; path = ContentViewModel.swift; sourceTree = "<group>"; };
		DEE433E92627CCE6001CF87B /* UserSettings.swift */ = {isa = PBXFileReference; lastKnownFileType = sourcecode.swift; path = UserSettings.swift; sourceTree = "<group>"; };
		DEE433F52628589E001CF87B /* ScreenRecordView.swift */ = {isa = PBXFileReference; lastKnownFileType = sourcecode.swift; path = ScreenRecordView.swift; sourceTree = "<group>"; };
/* End PBXFileReference section */

/* Begin PBXFrameworksBuildPhase section */
		DEE433972627CB19001CF87B /* Frameworks */ = {
			isa = PBXFrameworksBuildPhase;
			buildActionMask = 2147483647;
			files = (
			);
			runOnlyForDeploymentPostprocessing = 0;
		};
		DEE433AC2627CB19001CF87B /* Frameworks */ = {
			isa = PBXFrameworksBuildPhase;
			buildActionMask = 2147483647;
			files = (
			);
			runOnlyForDeploymentPostprocessing = 0;
		};
		DEE433B72627CB19001CF87B /* Frameworks */ = {
			isa = PBXFrameworksBuildPhase;
			buildActionMask = 2147483647;
			files = (
			);
			runOnlyForDeploymentPostprocessing = 0;
		};
/* End PBXFrameworksBuildPhase section */

/* Begin PBXGroup section */
		DEE433912627CB19001CF87B = {
			isa = PBXGroup;
			children = (
				DEE4339C2627CB19001CF87B /* Orwell */,
				DEE433B22627CB19001CF87B /* OrwellTests */,
				DEE433BD2627CB19001CF87B /* OrwellUITests */,
				DEE4339B2627CB19001CF87B /* Products */,
			);
			sourceTree = "<group>";
		};
		DEE4339B2627CB19001CF87B /* Products */ = {
			isa = PBXGroup;
			children = (
				DEE4339A2627CB19001CF87B /* Orwell.app */,
				DEE433AF2627CB19001CF87B /* OrwellTests.xctest */,
				DEE433BA2627CB19001CF87B /* OrwellUITests.xctest */,
			);
			name = Products;
			sourceTree = "<group>";
		};
		DEE4339C2627CB19001CF87B /* Orwell */ = {
			isa = PBXGroup;
			children = (
				DEE433D02627CB2B001CF87B /* Sources */,
				DEE433CF2627CB24001CF87B /* Resources */,
				DEE433AA2627CB19001CF87B /* Orwell.entitlements */,
				DEE433A32627CB19001CF87B /* Preview Content */,
			);
			path = Orwell;
			sourceTree = "<group>";
		};
		DEE433A32627CB19001CF87B /* Preview Content */ = {
			isa = PBXGroup;
			children = (
				DEE433A42627CB19001CF87B /* Preview Assets.xcassets */,
			);
			path = "Preview Content";
			sourceTree = "<group>";
		};
		DEE433B22627CB19001CF87B /* OrwellTests */ = {
			isa = PBXGroup;
			children = (
				DEE433B32627CB19001CF87B /* OrwellTests.swift */,
				DEE433B52627CB19001CF87B /* Info.plist */,
			);
			path = OrwellTests;
			sourceTree = "<group>";
		};
		DEE433BD2627CB19001CF87B /* OrwellUITests */ = {
			isa = PBXGroup;
			children = (
				DEE433BE2627CB19001CF87B /* OrwellUITests.swift */,
				DEE433C02627CB19001CF87B /* Info.plist */,
			);
			path = OrwellUITests;
			sourceTree = "<group>";
		};
		DEE433CF2627CB24001CF87B /* Resources */ = {
			isa = PBXGroup;
			children = (
				DEE433A92627CB19001CF87B /* Info.plist */,
				DEE433A12627CB19001CF87B /* Assets.xcassets */,
			);
			path = Resources;
			sourceTree = "<group>";
		};
		DEE433D02627CB2B001CF87B /* Sources */ = {
			isa = PBXGroup;
			children = (
				DEE433E82627CCD7001CF87B /* Settings */,
				DEE433D82627CB87001CF87B /* ViewModels */,
				DEE433D72627CB81001CF87B /* Views */,
				DEE4339F2627CB19001CF87B /* ContentView.swift */,
				DEE4339D2627CB19001CF87B /* AppDelegate.swift */,
				DEE433A62627CB19001CF87B /* Main.storyboard */,
			);
			path = Sources;
			sourceTree = "<group>";
		};
		DEE433D72627CB81001CF87B /* Views */ = {
			isa = PBXGroup;
			children = (
				DEE433FE26285B79001CF87B /* Screen Record */,
				DEE433FA26285B66001CF87B /* Webcam */,
			);
			path = Views;
			sourceTree = "<group>";
		};
		DEE433D82627CB87001CF87B /* ViewModels */ = {
			isa = PBXGroup;
			children = (
				DEE433E32627CBF5001CF87B /* ContentViewModel.swift */,
			);
			path = ViewModels;
			sourceTree = "<group>";
		};
		DEE433E82627CCD7001CF87B /* Settings */ = {
			isa = PBXGroup;
			children = (
				DEE433E92627CCE6001CF87B /* UserSettings.swift */,
			);
			path = Settings;
			sourceTree = "<group>";
		};
		DEE433FA26285B66001CF87B /* Webcam */ = {
			isa = PBXGroup;
			children = (
				DEE433D92627CB9F001CF87B /* CameraView.swift */,
				DEE433DE2627CBD3001CF87B /* WebcamContainerView.swift */,
			);
			path = Webcam;
			sourceTree = "<group>";
		};
		DEE433FE26285B79001CF87B /* Screen Record */ = {
			isa = PBXGroup;
			children = (
				DEE433F52628589E001CF87B /* ScreenRecordView.swift */,
			);
			path = "Screen Record";
			sourceTree = "<group>";
		};
/* End PBXGroup section */

/* Begin PBXNativeTarget section */
		DEE433992627CB19001CF87B /* Orwell */ = {
			isa = PBXNativeTarget;
			buildConfigurationList = DEE433C32627CB19001CF87B /* Build configuration list for PBXNativeTarget "Orwell" */;
			buildPhases = (
				DEE433962627CB19001CF87B /* Sources */,
				DEE433972627CB19001CF87B /* Frameworks */,
				DEE433982627CB19001CF87B /* Resources */,
			);
			buildRules = (
			);
			dependencies = (
			);
			name = Orwell;
			productName = Orwell;
			productReference = DEE4339A2627CB19001CF87B /* Orwell.app */;
			productType = "com.apple.product-type.application";
		};
		DEE433AE2627CB19001CF87B /* OrwellTests */ = {
			isa = PBXNativeTarget;
			buildConfigurationList = DEE433C62627CB19001CF87B /* Build configuration list for PBXNativeTarget "OrwellTests" */;
			buildPhases = (
				DEE433AB2627CB19001CF87B /* Sources */,
				DEE433AC2627CB19001CF87B /* Frameworks */,
				DEE433AD2627CB19001CF87B /* Resources */,
			);
			buildRules = (
			);
			dependencies = (
				DEE433B12627CB19001CF87B /* PBXTargetDependency */,
			);
			name = OrwellTests;
			productName = OrwellTests;
			productReference = DEE433AF2627CB19001CF87B /* OrwellTests.xctest */;
			productType = "com.apple.product-type.bundle.unit-test";
		};
		DEE433B92627CB19001CF87B /* OrwellUITests */ = {
			isa = PBXNativeTarget;
			buildConfigurationList = DEE433C92627CB19001CF87B /* Build configuration list for PBXNativeTarget "OrwellUITests" */;
			buildPhases = (
				DEE433B62627CB19001CF87B /* Sources */,
				DEE433B72627CB19001CF87B /* Frameworks */,
				DEE433B82627CB19001CF87B /* Resources */,
			);
			buildRules = (
			);
			dependencies = (
				DEE433BC2627CB19001CF87B /* PBXTargetDependency */,
			);
			name = OrwellUITests;
			productName = OrwellUITests;
			productReference = DEE433BA2627CB19001CF87B /* OrwellUITests.xctest */;
			productType = "com.apple.product-type.bundle.ui-testing";
		};
/* End PBXNativeTarget section */

/* Begin PBXProject section */
		DEE433922627CB19001CF87B /* Project object */ = {
			isa = PBXProject;
			attributes = {
				LastSwiftUpdateCheck = 1240;
				LastUpgradeCheck = 1240;
				TargetAttributes = {
					DEE433992627CB19001CF87B = {
						CreatedOnToolsVersion = 12.4;
					};
					DEE433AE2627CB19001CF87B = {
						CreatedOnToolsVersion = 12.4;
						TestTargetID = DEE433992627CB19001CF87B;
					};
					DEE433B92627CB19001CF87B = {
						CreatedOnToolsVersion = 12.4;
						TestTargetID = DEE433992627CB19001CF87B;
					};
				};
			};
			buildConfigurationList = DEE433952627CB19001CF87B /* Build configuration list for PBXProject "Orwell" */;
			compatibilityVersion = "Xcode 9.3";
			developmentRegion = en;
			hasScannedForEncodings = 0;
			knownRegions = (
				en,
				Base,
			);
			mainGroup = DEE433912627CB19001CF87B;
			productRefGroup = DEE4339B2627CB19001CF87B /* Products */;
			projectDirPath = "";
			projectRoot = "";
			targets = (
				DEE433992627CB19001CF87B /* Orwell */,
				DEE433AE2627CB19001CF87B /* OrwellTests */,
				DEE433B92627CB19001CF87B /* OrwellUITests */,
			);
		};
/* End PBXProject section */

/* Begin PBXResourcesBuildPhase section */
		DEE433982627CB19001CF87B /* Resources */ = {
			isa = PBXResourcesBuildPhase;
			buildActionMask = 2147483647;
			files = (
				DEE433A82627CB19001CF87B /* Main.storyboard in Resources */,
				DEE433A52627CB19001CF87B /* Preview Assets.xcassets in Resources */,
				DEE433A22627CB19001CF87B /* Assets.xcassets in Resources */,
			);
			runOnlyForDeploymentPostprocessing = 0;
		};
		DEE433AD2627CB19001CF87B /* Resources */ = {
			isa = PBXResourcesBuildPhase;
			buildActionMask = 2147483647;
			files = (
			);
			runOnlyForDeploymentPostprocessing = 0;
		};
		DEE433B82627CB19001CF87B /* Resources */ = {
			isa = PBXResourcesBuildPhase;
			buildActionMask = 2147483647;
			files = (
			);
			runOnlyForDeploymentPostprocessing = 0;
		};
/* End PBXResourcesBuildPhase section */

/* Begin PBXSourcesBuildPhase section */
		DEE433962627CB19001CF87B /* Sources */ = {
			isa = PBXSourcesBuildPhase;
			buildActionMask = 2147483647;
			files = (
				DEE433DA2627CB9F001CF87B /* CameraView.swift in Sources */,
				DEE433EA2627CCE6001CF87B /* UserSettings.swift in Sources */,
				DEE433F62628589E001CF87B /* ScreenRecordView.swift in Sources */,
				DEE433A02627CB19001CF87B /* ContentView.swift in Sources */,
				DEE4339E2627CB19001CF87B /* AppDelegate.swift in Sources */,
				DEE433DF2627CBD3001CF87B /* WebcamContainerView.swift in Sources */,
				DEE433E42627CBF5001CF87B /* ContentViewModel.swift in Sources */,
			);
			runOnlyForDeploymentPostprocessing = 0;
		};
		DEE433AB2627CB19001CF87B /* Sources */ = {
			isa = PBXSourcesBuildPhase;
			buildActionMask = 2147483647;
			files = (
				DEE433B42627CB19001CF87B /* OrwellTests.swift in Sources */,
			);
			runOnlyForDeploymentPostprocessing = 0;
		};
		DEE433B62627CB19001CF87B /* Sources */ = {
			isa = PBXSourcesBuildPhase;
			buildActionMask = 2147483647;
			files = (
				DEE433BF2627CB19001CF87B /* OrwellUITests.swift in Sources */,
			);
			runOnlyForDeploymentPostprocessing = 0;
		};
/* End PBXSourcesBuildPhase section */

/* Begin PBXTargetDependency section */
		DEE433B12627CB19001CF87B /* PBXTargetDependency */ = {
			isa = PBXTargetDependency;
			target = DEE433992627CB19001CF87B /* Orwell */;
			targetProxy = DEE433B02627CB19001CF87B /* PBXContainerItemProxy */;
		};
		DEE433BC2627CB19001CF87B /* PBXTargetDependency */ = {
			isa = PBXTargetDependency;
			target = DEE433992627CB19001CF87B /* Orwell */;
			targetProxy = DEE433BB2627CB19001CF87B /* PBXContainerItemProxy */;
		};
/* End PBXTargetDependency section */

/* Begin PBXVariantGroup section */
		DEE433A62627CB19001CF87B /* Main.storyboard */ = {
			isa = PBXVariantGroup;
			children = (
				DEE433A72627CB19001CF87B /* Base */,
			);
			name = Main.storyboard;
			sourceTree = "<group>";
		};
/* End PBXVariantGroup section */

/* Begin XCBuildConfiguration section */
		DEE433C12627CB19001CF87B /* Debug */ = {
			isa = XCBuildConfiguration;
			buildSettings = {
				ALWAYS_SEARCH_USER_PATHS = NO;
				CLANG_ANALYZER_NONNULL = YES;
				CLANG_ANALYZER_NUMBER_OBJECT_CONVERSION = YES_AGGRESSIVE;
				CLANG_CXX_LANGUAGE_STANDARD = "gnu++14";
				CLANG_CXX_LIBRARY = "libc++";
				CLANG_ENABLE_MODULES = YES;
				CLANG_ENABLE_OBJC_ARC = YES;
				CLANG_ENABLE_OBJC_WEAK = YES;
				CLANG_WARN_BLOCK_CAPTURE_AUTORELEASING = YES;
				CLANG_WARN_BOOL_CONVERSION = YES;
				CLANG_WARN_COMMA = YES;
				CLANG_WARN_CONSTANT_CONVERSION = YES;
				CLANG_WARN_DEPRECATED_OBJC_IMPLEMENTATIONS = YES;
				CLANG_WARN_DIRECT_OBJC_ISA_USAGE = YES_ERROR;
				CLANG_WARN_DOCUMENTATION_COMMENTS = YES;
				CLANG_WARN_EMPTY_BODY = YES;
				CLANG_WARN_ENUM_CONVERSION = YES;
				CLANG_WARN_INFINITE_RECURSION = YES;
				CLANG_WARN_INT_CONVERSION = YES;
				CLANG_WARN_NON_LITERAL_NULL_CONVERSION = YES;
				CLANG_WARN_OBJC_IMPLICIT_RETAIN_SELF = YES;
				CLANG_WARN_OBJC_LITERAL_CONVERSION = YES;
				CLANG_WARN_OBJC_ROOT_CLASS = YES_ERROR;
				CLANG_WARN_QUOTED_INCLUDE_IN_FRAMEWORK_HEADER = YES;
				CLANG_WARN_RANGE_LOOP_ANALYSIS = YES;
				CLANG_WARN_STRICT_PROTOTYPES = YES;
				CLANG_WARN_SUSPICIOUS_MOVE = YES;
				CLANG_WARN_UNGUARDED_AVAILABILITY = YES_AGGRESSIVE;
				CLANG_WARN_UNREACHABLE_CODE = YES;
				CLANG_WARN__DUPLICATE_METHOD_MATCH = YES;
				COPY_PHASE_STRIP = NO;
				DEBUG_INFORMATION_FORMAT = dwarf;
				ENABLE_STRICT_OBJC_MSGSEND = YES;
				ENABLE_TESTABILITY = YES;
				GCC_C_LANGUAGE_STANDARD = gnu11;
				GCC_DYNAMIC_NO_PIC = NO;
				GCC_NO_COMMON_BLOCKS = YES;
				GCC_OPTIMIZATION_LEVEL = 0;
				GCC_PREPROCESSOR_DEFINITIONS = (
					"DEBUG=1",
					"$(inherited)",
				);
				GCC_WARN_64_TO_32_BIT_CONVERSION = YES;
				GCC_WARN_ABOUT_RETURN_TYPE = YES_ERROR;
				GCC_WARN_UNDECLARED_SELECTOR = YES;
				GCC_WARN_UNINITIALIZED_AUTOS = YES_AGGRESSIVE;
				GCC_WARN_UNUSED_FUNCTION = YES;
				GCC_WARN_UNUSED_VARIABLE = YES;
				MACOSX_DEPLOYMENT_TARGET = 11.1;
				MTL_ENABLE_DEBUG_INFO = INCLUDE_SOURCE;
				MTL_FAST_MATH = YES;
				ONLY_ACTIVE_ARCH = YES;
				SDKROOT = macosx;
				SWIFT_ACTIVE_COMPILATION_CONDITIONS = DEBUG;
				SWIFT_OPTIMIZATION_LEVEL = "-Onone";
			};
			name = Debug;
		};
		DEE433C22627CB19001CF87B /* Release */ = {
			isa = XCBuildConfiguration;
			buildSettings = {
				ALWAYS_SEARCH_USER_PATHS = NO;
				CLANG_ANALYZER_NONNULL = YES;
				CLANG_ANALYZER_NUMBER_OBJECT_CONVERSION = YES_AGGRESSIVE;
				CLANG_CXX_LANGUAGE_STANDARD = "gnu++14";
				CLANG_CXX_LIBRARY = "libc++";
				CLANG_ENABLE_MODULES = YES;
				CLANG_ENABLE_OBJC_ARC = YES;
				CLANG_ENABLE_OBJC_WEAK = YES;
				CLANG_WARN_BLOCK_CAPTURE_AUTORELEASING = YES;
				CLANG_WARN_BOOL_CONVERSION = YES;
				CLANG_WARN_COMMA = YES;
				CLANG_WARN_CONSTANT_CONVERSION = YES;
				CLANG_WARN_DEPRECATED_OBJC_IMPLEMENTATIONS = YES;
				CLANG_WARN_DIRECT_OBJC_ISA_USAGE = YES_ERROR;
				CLANG_WARN_DOCUMENTATION_COMMENTS = YES;
				CLANG_WARN_EMPTY_BODY = YES;
				CLANG_WARN_ENUM_CONVERSION = YES;
				CLANG_WARN_INFINITE_RECURSION = YES;
				CLANG_WARN_INT_CONVERSION = YES;
				CLANG_WARN_NON_LITERAL_NULL_CONVERSION = YES;
				CLANG_WARN_OBJC_IMPLICIT_RETAIN_SELF = YES;
				CLANG_WARN_OBJC_LITERAL_CONVERSION = YES;
				CLANG_WARN_OBJC_ROOT_CLASS = YES_ERROR;
				CLANG_WARN_QUOTED_INCLUDE_IN_FRAMEWORK_HEADER = YES;
				CLANG_WARN_RANGE_LOOP_ANALYSIS = YES;
				CLANG_WARN_STRICT_PROTOTYPES = YES;
				CLANG_WARN_SUSPICIOUS_MOVE = YES;
				CLANG_WARN_UNGUARDED_AVAILABILITY = YES_AGGRESSIVE;
				CLANG_WARN_UNREACHABLE_CODE = YES;
				CLANG_WARN__DUPLICATE_METHOD_MATCH = YES;
				COPY_PHASE_STRIP = NO;
				DEBUG_INFORMATION_FORMAT = "dwarf-with-dsym";
				ENABLE_NS_ASSERTIONS = NO;
				ENABLE_STRICT_OBJC_MSGSEND = YES;
				GCC_C_LANGUAGE_STANDARD = gnu11;
				GCC_NO_COMMON_BLOCKS = YES;
				GCC_WARN_64_TO_32_BIT_CONVERSION = YES;
				GCC_WARN_ABOUT_RETURN_TYPE = YES_ERROR;
				GCC_WARN_UNDECLARED_SELECTOR = YES;
				GCC_WARN_UNINITIALIZED_AUTOS = YES_AGGRESSIVE;
				GCC_WARN_UNUSED_FUNCTION = YES;
				GCC_WARN_UNUSED_VARIABLE = YES;
				MACOSX_DEPLOYMENT_TARGET = 11.1;
				MTL_ENABLE_DEBUG_INFO = NO;
				MTL_FAST_MATH = YES;
				SDKROOT = macosx;
				SWIFT_COMPILATION_MODE = wholemodule;
				SWIFT_OPTIMIZATION_LEVEL = "-O";
			};
			name = Release;
		};
		DEE433C42627CB19001CF87B /* Debug */ = {
			isa = XCBuildConfiguration;
			buildSettings = {
				ASSETCATALOG_COMPILER_APPICON_NAME = AppIcon;
				ASSETCATALOG_COMPILER_GLOBAL_ACCENT_COLOR_NAME = AccentColor;
				CODE_SIGN_ENTITLEMENTS = Orwell/Orwell.entitlements;
				CODE_SIGN_STYLE = Automatic;
				COMBINE_HIDPI_IMAGES = YES;
				DEVELOPMENT_ASSET_PATHS = "\"Orwell/Preview Content\"";
				DEVELOPMENT_TEAM = HNT2NME926;
				ENABLE_HARDENED_RUNTIME = YES;
				ENABLE_PREVIEWS = YES;
				INFOPLIST_FILE = Orwell/Resources/Info.plist;
				LD_RUNPATH_SEARCH_PATHS = (
					"$(inherited)",
					"@executable_path/../Frameworks",
				);
				MACOSX_DEPLOYMENT_TARGET = 10.15;
				PRODUCT_BUNDLE_IDENTIFIER = com.CarlosHenriqueMartins.Orwell;
				PRODUCT_NAME = "$(TARGET_NAME)";
				SWIFT_VERSION = 5.0;
			};
			name = Debug;
		};
		DEE433C52627CB19001CF87B /* Release */ = {
			isa = XCBuildConfiguration;
			buildSettings = {
				ASSETCATALOG_COMPILER_APPICON_NAME = AppIcon;
				ASSETCATALOG_COMPILER_GLOBAL_ACCENT_COLOR_NAME = AccentColor;
				CODE_SIGN_ENTITLEMENTS = Orwell/Orwell.entitlements;
				CODE_SIGN_STYLE = Automatic;
				COMBINE_HIDPI_IMAGES = YES;
				DEVELOPMENT_ASSET_PATHS = "\"Orwell/Preview Content\"";
				DEVELOPMENT_TEAM = HNT2NME926;
				ENABLE_HARDENED_RUNTIME = YES;
				ENABLE_PREVIEWS = YES;
				INFOPLIST_FILE = Orwell/Resources/Info.plist;
				LD_RUNPATH_SEARCH_PATHS = (
					"$(inherited)",
					"@executable_path/../Frameworks",
				);
				MACOSX_DEPLOYMENT_TARGET = 10.15;
				PRODUCT_BUNDLE_IDENTIFIER = com.CarlosHenriqueMartins.Orwell;
				PRODUCT_NAME = "$(TARGET_NAME)";
				SWIFT_VERSION = 5.0;
			};
			name = Release;
		};
		DEE433C72627CB19001CF87B /* Debug */ = {
			isa = XCBuildConfiguration;
			buildSettings = {
				ALWAYS_EMBED_SWIFT_STANDARD_LIBRARIES = YES;
				BUNDLE_LOADER = "$(TEST_HOST)";
				CODE_SIGN_STYLE = Automatic;
				COMBINE_HIDPI_IMAGES = YES;
				DEVELOPMENT_TEAM = HNT2NME926;
				INFOPLIST_FILE = OrwellTests/Info.plist;
				LD_RUNPATH_SEARCH_PATHS = (
					"$(inherited)",
					"@executable_path/../Frameworks",
					"@loader_path/../Frameworks",
				);
				MACOSX_DEPLOYMENT_TARGET = 10.15;
				PRODUCT_BUNDLE_IDENTIFIER = com.CarlosHenriqueMartins.OrwellTests;
				PRODUCT_NAME = "$(TARGET_NAME)";
				SWIFT_VERSION = 5.0;
				TEST_HOST = "$(BUILT_PRODUCTS_DIR)/Orwell.app/Contents/MacOS/Orwell";
			};
			name = Debug;
		};
		DEE433C82627CB19001CF87B /* Release */ = {
			isa = XCBuildConfiguration;
			buildSettings = {
				ALWAYS_EMBED_SWIFT_STANDARD_LIBRARIES = YES;
				BUNDLE_LOADER = "$(TEST_HOST)";
				CODE_SIGN_STYLE = Automatic;
				COMBINE_HIDPI_IMAGES = YES;
				DEVELOPMENT_TEAM = HNT2NME926;
				INFOPLIST_FILE = OrwellTests/Info.plist;
				LD_RUNPATH_SEARCH_PATHS = (
					"$(inherited)",
					"@executable_path/../Frameworks",
					"@loader_path/../Frameworks",
				);
				MACOSX_DEPLOYMENT_TARGET = 10.15;
				PRODUCT_BUNDLE_IDENTIFIER = com.CarlosHenriqueMartins.OrwellTests;
				PRODUCT_NAME = "$(TARGET_NAME)";
				SWIFT_VERSION = 5.0;
				TEST_HOST = "$(BUILT_PRODUCTS_DIR)/Orwell.app/Contents/MacOS/Orwell";
			};
			name = Release;
		};
		DEE433CA2627CB19001CF87B /* Debug */ = {
			isa = XCBuildConfiguration;
			buildSettings = {
				ALWAYS_EMBED_SWIFT_STANDARD_LIBRARIES = YES;
				CODE_SIGN_STYLE = Automatic;
				COMBINE_HIDPI_IMAGES = YES;
				DEVELOPMENT_TEAM = HNT2NME926;
				INFOPLIST_FILE = OrwellUITests/Info.plist;
				LD_RUNPATH_SEARCH_PATHS = (
					"$(inherited)",
					"@executable_path/../Frameworks",
					"@loader_path/../Frameworks",
				);
				PRODUCT_BUNDLE_IDENTIFIER = com.CarlosHenriqueMartins.OrwellUITests;
				PRODUCT_NAME = "$(TARGET_NAME)";
				SWIFT_VERSION = 5.0;
				TEST_TARGET_NAME = Orwell;
			};
			name = Debug;
		};
		DEE433CB2627CB19001CF87B /* Release */ = {
			isa = XCBuildConfiguration;
			buildSettings = {
				ALWAYS_EMBED_SWIFT_STANDARD_LIBRARIES = YES;
				CODE_SIGN_STYLE = Automatic;
				COMBINE_HIDPI_IMAGES = YES;
				DEVELOPMENT_TEAM = HNT2NME926;
				INFOPLIST_FILE = OrwellUITests/Info.plist;
				LD_RUNPATH_SEARCH_PATHS = (
					"$(inherited)",
					"@executable_path/../Frameworks",
					"@loader_path/../Frameworks",
				);
				PRODUCT_BUNDLE_IDENTIFIER = com.CarlosHenriqueMartins.OrwellUITests;
				PRODUCT_NAME = "$(TARGET_NAME)";
				SWIFT_VERSION = 5.0;
				TEST_TARGET_NAME = Orwell;
			};
			name = Release;
		};
/* End XCBuildConfiguration section */

/* Begin XCConfigurationList section */
		DEE433952627CB19001CF87B /* Build configuration list for PBXProject "Orwell" */ = {
			isa = XCConfigurationList;
			buildConfigurations = (
				DEE433C12627CB19001CF87B /* Debug */,
				DEE433C22627CB19001CF87B /* Release */,
			);
			defaultConfigurationIsVisible = 0;
			defaultConfigurationName = Release;
		};
		DEE433C32627CB19001CF87B /* Build configuration list for PBXNativeTarget "Orwell" */ = {
			isa = XCConfigurationList;
			buildConfigurations = (
				DEE433C42627CB19001CF87B /* Debug */,
				DEE433C52627CB19001CF87B /* Release */,
			);
			defaultConfigurationIsVisible = 0;
			defaultConfigurationName = Release;
		};
		DEE433C62627CB19001CF87B /* Build configuration list for PBXNativeTarget "OrwellTests" */ = {
			isa = XCConfigurationList;
			buildConfigurations = (
				DEE433C72627CB19001CF87B /* Debug */,
				DEE433C82627CB19001CF87B /* Release */,
			);
			defaultConfigurationIsVisible = 0;
			defaultConfigurationName = Release;
		};
		DEE433C92627CB19001CF87B /* Build configuration list for PBXNativeTarget "OrwellUITests" */ = {
			isa = XCConfigurationList;
			buildConfigurations = (
				DEE433CA2627CB19001CF87B /* Debug */,
				DEE433CB2627CB19001CF87B /* Release */,
			);
			defaultConfigurationIsVisible = 0;
			defaultConfigurationName = Release;
		};
/* End XCConfigurationList section */
	};
	rootObject = DEE433922627CB19001CF87B /* Project object */;
}
