// !$*UTF8*$!
{
	archiveVersion = 1;
	classes = {
	};
	objectVersion = 50;
	objects = {

/* Begin PBXBuildFile section */
		DE016743262674D3004D070D /* AppDelegate.swift in Sources */ = {isa = PBXBuildFile; fileRef = DE016742262674D3004D070D /* AppDelegate.swift */; };
		DE016745262674D3004D070D /* ContentView.swift in Sources */ = {isa = PBXBuildFile; fileRef = DE016744262674D3004D070D /* ContentView.swift */; };
		DE016747262674D3004D070D /* Assets.xcassets in Resources */ = {isa = PBXBuildFile; fileRef = DE016746262674D3004D070D /* Assets.xcassets */; };
		DE01674A262674D3004D070D /* Preview Assets.xcassets in Resources */ = {isa = PBXBuildFile; fileRef = DE016749262674D3004D070D /* Preview Assets.xcassets */; };
		DE016759262674D4004D070D /* OrwellTests.swift in Sources */ = {isa = PBXBuildFile; fileRef = DE016758262674D4004D070D /* OrwellTests.swift */; };
		DE016764262674D4004D070D /* OrwellUITests.swift in Sources */ = {isa = PBXBuildFile; fileRef = DE016763262674D4004D070D /* OrwellUITests.swift */; };
		DEADD77726270E7B0017DBDE /* PlayerView.swift in Sources */ = {isa = PBXBuildFile; fileRef = DEADD77626270E7B0017DBDE /* PlayerView.swift */; };
		DEADD77F26270EB90017DBDE /* PlayerContainerView.swift in Sources */ = {isa = PBXBuildFile; fileRef = DEADD77E26270EB90017DBDE /* PlayerContainerView.swift */; };
		DEADD78A26270F7B0017DBDE /* ContentViewModel.swift in Sources */ = {isa = PBXBuildFile; fileRef = DEADD78926270F7B0017DBDE /* ContentViewModel.swift */; };
		DEADD78F262713710017DBDE /* Main.storyboard in Resources */ = {isa = PBXBuildFile; fileRef = DEADD78E262713710017DBDE /* Main.storyboard */; };
/* End PBXBuildFile section */

/* Begin PBXContainerItemProxy section */
		DE016755262674D4004D070D /* PBXContainerItemProxy */ = {
			isa = PBXContainerItemProxy;
			containerPortal = DE016737262674D3004D070D /* Project object */;
			proxyType = 1;
			remoteGlobalIDString = DE01673E262674D3004D070D;
			remoteInfo = Orwell;
		};
		DE016760262674D4004D070D /* PBXContainerItemProxy */ = {
			isa = PBXContainerItemProxy;
			containerPortal = DE016737262674D3004D070D /* Project object */;
			proxyType = 1;
			remoteGlobalIDString = DE01673E262674D3004D070D;
			remoteInfo = Orwell;
		};
/* End PBXContainerItemProxy section */

/* Begin PBXFileReference section */
		DE01673F262674D3004D070D /* Orwell.app */ = {isa = PBXFileReference; explicitFileType = wrapper.application; includeInIndex = 0; path = Orwell.app; sourceTree = BUILT_PRODUCTS_DIR; };
		DE016742262674D3004D070D /* AppDelegate.swift */ = {isa = PBXFileReference; lastKnownFileType = sourcecode.swift; path = AppDelegate.swift; sourceTree = "<group>"; };
		DE016744262674D3004D070D /* ContentView.swift */ = {isa = PBXFileReference; lastKnownFileType = sourcecode.swift; path = ContentView.swift; sourceTree = "<group>"; };
		DE016746262674D3004D070D /* Assets.xcassets */ = {isa = PBXFileReference; lastKnownFileType = folder.assetcatalog; path = Assets.xcassets; sourceTree = "<group>"; };
		DE016749262674D3004D070D /* Preview Assets.xcassets */ = {isa = PBXFileReference; lastKnownFileType = folder.assetcatalog; path = "Preview Assets.xcassets"; sourceTree = "<group>"; };
		DE01674E262674D4004D070D /* Info.plist */ = {isa = PBXFileReference; lastKnownFileType = text.plist.xml; path = Info.plist; sourceTree = "<group>"; };
		DE01674F262674D4004D070D /* Orwell.entitlements */ = {isa = PBXFileReference; lastKnownFileType = text.plist.entitlements; path = Orwell.entitlements; sourceTree = "<group>"; };
		DE016754262674D4004D070D /* OrwellTests.xctest */ = {isa = PBXFileReference; explicitFileType = wrapper.cfbundle; includeInIndex = 0; path = OrwellTests.xctest; sourceTree = BUILT_PRODUCTS_DIR; };
		DE016758262674D4004D070D /* OrwellTests.swift */ = {isa = PBXFileReference; lastKnownFileType = sourcecode.swift; path = OrwellTests.swift; sourceTree = "<group>"; };
		DE01675A262674D4004D070D /* Info.plist */ = {isa = PBXFileReference; lastKnownFileType = text.plist.xml; path = Info.plist; sourceTree = "<group>"; };
		DE01675F262674D4004D070D /* OrwellUITests.xctest */ = {isa = PBXFileReference; explicitFileType = wrapper.cfbundle; includeInIndex = 0; path = OrwellUITests.xctest; sourceTree = BUILT_PRODUCTS_DIR; };
		DE016763262674D4004D070D /* OrwellUITests.swift */ = {isa = PBXFileReference; lastKnownFileType = sourcecode.swift; path = OrwellUITests.swift; sourceTree = "<group>"; };
		DE016765262674D4004D070D /* Info.plist */ = {isa = PBXFileReference; lastKnownFileType = text.plist.xml; path = Info.plist; sourceTree = "<group>"; };
		DEADD77626270E7B0017DBDE /* PlayerView.swift */ = {isa = PBXFileReference; lastKnownFileType = sourcecode.swift; path = PlayerView.swift; sourceTree = "<group>"; };
		DEADD77E26270EB90017DBDE /* PlayerContainerView.swift */ = {isa = PBXFileReference; lastKnownFileType = sourcecode.swift; path = PlayerContainerView.swift; sourceTree = "<group>"; };
		DEADD78926270F7B0017DBDE /* ContentViewModel.swift */ = {isa = PBXFileReference; lastKnownFileType = sourcecode.swift; path = ContentViewModel.swift; sourceTree = "<group>"; };
		DEADD78E262713710017DBDE /* Main.storyboard */ = {isa = PBXFileReference; lastKnownFileType = file.storyboard; path = Main.storyboard; sourceTree = "<group>"; };
/* End PBXFileReference section */

/* Begin PBXFrameworksBuildPhase section */
		DE01673C262674D3004D070D /* Frameworks */ = {
			isa = PBXFrameworksBuildPhase;
			buildActionMask = 2147483647;
			files = (
			);
			runOnlyForDeploymentPostprocessing = 0;
		};
		DE016751262674D4004D070D /* Frameworks */ = {
			isa = PBXFrameworksBuildPhase;
			buildActionMask = 2147483647;
			files = (
			);
			runOnlyForDeploymentPostprocessing = 0;
		};
		DE01675C262674D4004D070D /* Frameworks */ = {
			isa = PBXFrameworksBuildPhase;
			buildActionMask = 2147483647;
			files = (
			);
			runOnlyForDeploymentPostprocessing = 0;
		};
/* End PBXFrameworksBuildPhase section */

/* Begin PBXGroup section */
		DE016736262674D3004D070D = {
			isa = PBXGroup;
			children = (
				DE016741262674D3004D070D /* Orwell */,
				DE016757262674D4004D070D /* OrwellTests */,
				DE016762262674D4004D070D /* OrwellUITests */,
				DE016740262674D3004D070D /* Products */,
			);
			sourceTree = "<group>";
		};
		DE016740262674D3004D070D /* Products */ = {
			isa = PBXGroup;
			children = (
				DE01673F262674D3004D070D /* Orwell.app */,
				DE016754262674D4004D070D /* OrwellTests.xctest */,
				DE01675F262674D4004D070D /* OrwellUITests.xctest */,
			);
			name = Products;
			sourceTree = "<group>";
		};
		DE016741262674D3004D070D /* Orwell */ = {
			isa = PBXGroup;
			children = (
				DEADD77526270E4E0017DBDE /* Resources */,
				DEADD77426270E4A0017DBDE /* Source */,
				DE016742262674D3004D070D /* AppDelegate.swift */,
				DE016744262674D3004D070D /* ContentView.swift */,
				DE016748262674D3004D070D /* Preview Content */,
			);
			path = Orwell;
			sourceTree = "<group>";
		};
		DE016748262674D3004D070D /* Preview Content */ = {
			isa = PBXGroup;
			children = (
				DE016749262674D3004D070D /* Preview Assets.xcassets */,
			);
			path = "Preview Content";
			sourceTree = "<group>";
		};
		DE016757262674D4004D070D /* OrwellTests */ = {
			isa = PBXGroup;
			children = (
				DE016758262674D4004D070D /* OrwellTests.swift */,
				DE01675A262674D4004D070D /* Info.plist */,
			);
			path = OrwellTests;
			sourceTree = "<group>";
		};
		DE016762262674D4004D070D /* OrwellUITests */ = {
			isa = PBXGroup;
			children = (
				DE016763262674D4004D070D /* OrwellUITests.swift */,
				DE016765262674D4004D070D /* Info.plist */,
			);
			path = OrwellUITests;
			sourceTree = "<group>";
		};
		DEADD77226270E3B0017DBDE /* View */ = {
			isa = PBXGroup;
			children = (
				DEADD77626270E7B0017DBDE /* PlayerView.swift */,
				DEADD77E26270EB90017DBDE /* PlayerContainerView.swift */,
			);
			path = View;
			sourceTree = "<group>";
		};
		DEADD77326270E3F0017DBDE /* ViewModel */ = {
			isa = PBXGroup;
			children = (
				DEADD78926270F7B0017DBDE /* ContentViewModel.swift */,
			);
			path = ViewModel;
			sourceTree = "<group>";
		};
		DEADD77426270E4A0017DBDE /* Source */ = {
			isa = PBXGroup;
			children = (
				DEADD77226270E3B0017DBDE /* View */,
				DEADD77326270E3F0017DBDE /* ViewModel */,
				DEADD78E262713710017DBDE /* Main.storyboard */,
			);
			path = Source;
			sourceTree = "<group>";
		};
		DEADD77526270E4E0017DBDE /* Resources */ = {
			isa = PBXGroup;
			children = (
				DE016746262674D3004D070D /* Assets.xcassets */,
				DE01674E262674D4004D070D /* Info.plist */,
				DE01674F262674D4004D070D /* Orwell.entitlements */,
			);
			path = Resources;
			sourceTree = "<group>";
		};
/* End PBXGroup section */

/* Begin PBXNativeTarget section */
		DE01673E262674D3004D070D /* Orwell */ = {
			isa = PBXNativeTarget;
			buildConfigurationList = DE016768262674D4004D070D /* Build configuration list for PBXNativeTarget "Orwell" */;
			buildPhases = (
				DE01673B262674D3004D070D /* Sources */,
				DE01673C262674D3004D070D /* Frameworks */,
				DE01673D262674D3004D070D /* Resources */,
			);
			buildRules = (
			);
			dependencies = (
			);
			name = Orwell;
			productName = Orwell;
			productReference = DE01673F262674D3004D070D /* Orwell.app */;
			productType = "com.apple.product-type.application";
		};
		DE016753262674D4004D070D /* OrwellTests */ = {
			isa = PBXNativeTarget;
			buildConfigurationList = DE01676B262674D4004D070D /* Build configuration list for PBXNativeTarget "OrwellTests" */;
			buildPhases = (
				DE016750262674D4004D070D /* Sources */,
				DE016751262674D4004D070D /* Frameworks */,
				DE016752262674D4004D070D /* Resources */,
			);
			buildRules = (
			);
			dependencies = (
				DE016756262674D4004D070D /* PBXTargetDependency */,
			);
			name = OrwellTests;
			productName = OrwellTests;
			productReference = DE016754262674D4004D070D /* OrwellTests.xctest */;
			productType = "com.apple.product-type.bundle.unit-test";
		};
		DE01675E262674D4004D070D /* OrwellUITests */ = {
			isa = PBXNativeTarget;
			buildConfigurationList = DE01676E262674D4004D070D /* Build configuration list for PBXNativeTarget "OrwellUITests" */;
			buildPhases = (
				DE01675B262674D4004D070D /* Sources */,
				DE01675C262674D4004D070D /* Frameworks */,
				DE01675D262674D4004D070D /* Resources */,
			);
			buildRules = (
			);
			dependencies = (
				DE016761262674D4004D070D /* PBXTargetDependency */,
			);
			name = OrwellUITests;
			productName = OrwellUITests;
			productReference = DE01675F262674D4004D070D /* OrwellUITests.xctest */;
			productType = "com.apple.product-type.bundle.ui-testing";
		};
/* End PBXNativeTarget section */

/* Begin PBXProject section */
		DE016737262674D3004D070D /* Project object */ = {
			isa = PBXProject;
			attributes = {
				LastSwiftUpdateCheck = 1240;
				LastUpgradeCheck = 1240;
				TargetAttributes = {
					DE01673E262674D3004D070D = {
						CreatedOnToolsVersion = 12.4;
					};
					DE016753262674D4004D070D = {
						CreatedOnToolsVersion = 12.4;
						TestTargetID = DE01673E262674D3004D070D;
					};
					DE01675E262674D4004D070D = {
						CreatedOnToolsVersion = 12.4;
						TestTargetID = DE01673E262674D3004D070D;
					};
				};
			};
			buildConfigurationList = DE01673A262674D3004D070D /* Build configuration list for PBXProject "Orwell" */;
			compatibilityVersion = "Xcode 9.3";
			developmentRegion = en;
			hasScannedForEncodings = 0;
			knownRegions = (
				en,
				Base,
			);
			mainGroup = DE016736262674D3004D070D;
			productRefGroup = DE016740262674D3004D070D /* Products */;
			projectDirPath = "";
			projectRoot = "";
			targets = (
				DE01673E262674D3004D070D /* Orwell */,
				DE016753262674D4004D070D /* OrwellTests */,
				DE01675E262674D4004D070D /* OrwellUITests */,
			);
		};
/* End PBXProject section */

/* Begin PBXResourcesBuildPhase section */
		DE01673D262674D3004D070D /* Resources */ = {
			isa = PBXResourcesBuildPhase;
			buildActionMask = 2147483647;
			files = (
				DEADD78F262713710017DBDE /* Main.storyboard in Resources */,
				DE01674A262674D3004D070D /* Preview Assets.xcassets in Resources */,
				DE016747262674D3004D070D /* Assets.xcassets in Resources */,
			);
			runOnlyForDeploymentPostprocessing = 0;
		};
		DE016752262674D4004D070D /* Resources */ = {
			isa = PBXResourcesBuildPhase;
			buildActionMask = 2147483647;
			files = (
			);
			runOnlyForDeploymentPostprocessing = 0;
		};
		DE01675D262674D4004D070D /* Resources */ = {
			isa = PBXResourcesBuildPhase;
			buildActionMask = 2147483647;
			files = (
			);
			runOnlyForDeploymentPostprocessing = 0;
		};
/* End PBXResourcesBuildPhase section */

/* Begin PBXSourcesBuildPhase section */
		DE01673B262674D3004D070D /* Sources */ = {
			isa = PBXSourcesBuildPhase;
			buildActionMask = 2147483647;
			files = (
				DEADD77726270E7B0017DBDE /* PlayerView.swift in Sources */,
				DE016745262674D3004D070D /* ContentView.swift in Sources */,
				DE016743262674D3004D070D /* AppDelegate.swift in Sources */,
				DEADD77F26270EB90017DBDE /* PlayerContainerView.swift in Sources */,
				DEADD78A26270F7B0017DBDE /* ContentViewModel.swift in Sources */,
			);
			runOnlyForDeploymentPostprocessing = 0;
		};
		DE016750262674D4004D070D /* Sources */ = {
			isa = PBXSourcesBuildPhase;
			buildActionMask = 2147483647;
			files = (
				DE016759262674D4004D070D /* OrwellTests.swift in Sources */,
			);
			runOnlyForDeploymentPostprocessing = 0;
		};
		DE01675B262674D4004D070D /* Sources */ = {
			isa = PBXSourcesBuildPhase;
			buildActionMask = 2147483647;
			files = (
				DE016764262674D4004D070D /* OrwellUITests.swift in Sources */,
			);
			runOnlyForDeploymentPostprocessing = 0;
		};
/* End PBXSourcesBuildPhase section */

/* Begin PBXTargetDependency section */
		DE016756262674D4004D070D /* PBXTargetDependency */ = {
			isa = PBXTargetDependency;
			target = DE01673E262674D3004D070D /* Orwell */;
			targetProxy = DE016755262674D4004D070D /* PBXContainerItemProxy */;
		};
		DE016761262674D4004D070D /* PBXTargetDependency */ = {
			isa = PBXTargetDependency;
			target = DE01673E262674D3004D070D /* Orwell */;
			targetProxy = DE016760262674D4004D070D /* PBXContainerItemProxy */;
		};
/* End PBXTargetDependency section */

/* Begin XCBuildConfiguration section */
		DE016766262674D4004D070D /* Debug */ = {
			isa = XCBuildConfiguration;
			buildSettings = {
				ALWAYS_SEARCH_USER_PATHS = NO;
				CLANG_ANALYZER_NONNULL = YES;
				CLANG_ANALYZER_NUMBER_OBJECT_CONVERSION = YES_AGGRESSIVE;
				CLANG_CXX_LANGUAGE_STANDARD = "gnu++14";
				CLANG_CXX_LIBRARY = "libc++";
				CLANG_ENABLE_MODULES = YES;
				CLANG_ENABLE_OBJC_ARC = YES;
				CLANG_ENABLE_OBJC_WEAK = YES;
				CLANG_WARN_BLOCK_CAPTURE_AUTORELEASING = YES;
				CLANG_WARN_BOOL_CONVERSION = YES;
				CLANG_WARN_COMMA = YES;
				CLANG_WARN_CONSTANT_CONVERSION = YES;
				CLANG_WARN_DEPRECATED_OBJC_IMPLEMENTATIONS = YES;
				CLANG_WARN_DIRECT_OBJC_ISA_USAGE = YES_ERROR;
				CLANG_WARN_DOCUMENTATION_COMMENTS = YES;
				CLANG_WARN_EMPTY_BODY = YES;
				CLANG_WARN_ENUM_CONVERSION = YES;
				CLANG_WARN_INFINITE_RECURSION = YES;
				CLANG_WARN_INT_CONVERSION = YES;
				CLANG_WARN_NON_LITERAL_NULL_CONVERSION = YES;
				CLANG_WARN_OBJC_IMPLICIT_RETAIN_SELF = YES;
				CLANG_WARN_OBJC_LITERAL_CONVERSION = YES;
				CLANG_WARN_OBJC_ROOT_CLASS = YES_ERROR;
				CLANG_WARN_QUOTED_INCLUDE_IN_FRAMEWORK_HEADER = YES;
				CLANG_WARN_RANGE_LOOP_ANALYSIS = YES;
				CLANG_WARN_STRICT_PROTOTYPES = YES;
				CLANG_WARN_SUSPICIOUS_MOVE = YES;
				CLANG_WARN_UNGUARDED_AVAILABILITY = YES_AGGRESSIVE;
				CLANG_WARN_UNREACHABLE_CODE = YES;
				CLANG_WARN__DUPLICATE_METHOD_MATCH = YES;
				COPY_PHASE_STRIP = NO;
				DEBUG_INFORMATION_FORMAT = dwarf;
				ENABLE_STRICT_OBJC_MSGSEND = YES;
				ENABLE_TESTABILITY = YES;
				GCC_C_LANGUAGE_STANDARD = gnu11;
				GCC_DYNAMIC_NO_PIC = NO;
				GCC_NO_COMMON_BLOCKS = YES;
				GCC_OPTIMIZATION_LEVEL = 0;
				GCC_PREPROCESSOR_DEFINITIONS = (
					"DEBUG=1",
					"$(inherited)",
				);
				GCC_WARN_64_TO_32_BIT_CONVERSION = YES;
				GCC_WARN_ABOUT_RETURN_TYPE = YES_ERROR;
				GCC_WARN_UNDECLARED_SELECTOR = YES;
				GCC_WARN_UNINITIALIZED_AUTOS = YES_AGGRESSIVE;
				GCC_WARN_UNUSED_FUNCTION = YES;
				GCC_WARN_UNUSED_VARIABLE = YES;
				MACOSX_DEPLOYMENT_TARGET = 11.1;
				MTL_ENABLE_DEBUG_INFO = INCLUDE_SOURCE;
				MTL_FAST_MATH = YES;
				ONLY_ACTIVE_ARCH = YES;
				SDKROOT = macosx;
				SWIFT_ACTIVE_COMPILATION_CONDITIONS = DEBUG;
				SWIFT_OPTIMIZATION_LEVEL = "-Onone";
			};
			name = Debug;
		};
		DE016767262674D4004D070D /* Release */ = {
			isa = XCBuildConfiguration;
			buildSettings = {
				ALWAYS_SEARCH_USER_PATHS = NO;
				CLANG_ANALYZER_NONNULL = YES;
				CLANG_ANALYZER_NUMBER_OBJECT_CONVERSION = YES_AGGRESSIVE;
				CLANG_CXX_LANGUAGE_STANDARD = "gnu++14";
				CLANG_CXX_LIBRARY = "libc++";
				CLANG_ENABLE_MODULES = YES;
				CLANG_ENABLE_OBJC_ARC = YES;
				CLANG_ENABLE_OBJC_WEAK = YES;
				CLANG_WARN_BLOCK_CAPTURE_AUTORELEASING = YES;
				CLANG_WARN_BOOL_CONVERSION = YES;
				CLANG_WARN_COMMA = YES;
				CLANG_WARN_CONSTANT_CONVERSION = YES;
				CLANG_WARN_DEPRECATED_OBJC_IMPLEMENTATIONS = YES;
				CLANG_WARN_DIRECT_OBJC_ISA_USAGE = YES_ERROR;
				CLANG_WARN_DOCUMENTATION_COMMENTS = YES;
				CLANG_WARN_EMPTY_BODY = YES;
				CLANG_WARN_ENUM_CONVERSION = YES;
				CLANG_WARN_INFINITE_RECURSION = YES;
				CLANG_WARN_INT_CONVERSION = YES;
				CLANG_WARN_NON_LITERAL_NULL_CONVERSION = YES;
				CLANG_WARN_OBJC_IMPLICIT_RETAIN_SELF = YES;
				CLANG_WARN_OBJC_LITERAL_CONVERSION = YES;
				CLANG_WARN_OBJC_ROOT_CLASS = YES_ERROR;
				CLANG_WARN_QUOTED_INCLUDE_IN_FRAMEWORK_HEADER = YES;
				CLANG_WARN_RANGE_LOOP_ANALYSIS = YES;
				CLANG_WARN_STRICT_PROTOTYPES = YES;
				CLANG_WARN_SUSPICIOUS_MOVE = YES;
				CLANG_WARN_UNGUARDED_AVAILABILITY = YES_AGGRESSIVE;
				CLANG_WARN_UNREACHABLE_CODE = YES;
				CLANG_WARN__DUPLICATE_METHOD_MATCH = YES;
				COPY_PHASE_STRIP = NO;
				DEBUG_INFORMATION_FORMAT = "dwarf-with-dsym";
				ENABLE_NS_ASSERTIONS = NO;
				ENABLE_STRICT_OBJC_MSGSEND = YES;
				GCC_C_LANGUAGE_STANDARD = gnu11;
				GCC_NO_COMMON_BLOCKS = YES;
				GCC_WARN_64_TO_32_BIT_CONVERSION = YES;
				GCC_WARN_ABOUT_RETURN_TYPE = YES_ERROR;
				GCC_WARN_UNDECLARED_SELECTOR = YES;
				GCC_WARN_UNINITIALIZED_AUTOS = YES_AGGRESSIVE;
				GCC_WARN_UNUSED_FUNCTION = YES;
				GCC_WARN_UNUSED_VARIABLE = YES;
				MACOSX_DEPLOYMENT_TARGET = 11.1;
				MTL_ENABLE_DEBUG_INFO = NO;
				MTL_FAST_MATH = YES;
				SDKROOT = macosx;
				SWIFT_COMPILATION_MODE = wholemodule;
				SWIFT_OPTIMIZATION_LEVEL = "-O";
			};
			name = Release;
		};
		DE016769262674D4004D070D /* Debug */ = {
			isa = XCBuildConfiguration;
			buildSettings = {
				ASSETCATALOG_COMPILER_APPICON_NAME = AppIcon;
				ASSETCATALOG_COMPILER_GLOBAL_ACCENT_COLOR_NAME = AccentColor;
				CODE_SIGN_ENTITLEMENTS = Orwell/Resources/Orwell.entitlements;
				CODE_SIGN_STYLE = Automatic;
				COMBINE_HIDPI_IMAGES = YES;
				DEVELOPMENT_ASSET_PATHS = "\"Orwell/Preview Content\"";
				DEVELOPMENT_TEAM = HNT2NME926;
				ENABLE_HARDENED_RUNTIME = YES;
				ENABLE_PREVIEWS = YES;
				INFOPLIST_FILE = Orwell/Resources/Info.plist;
				LD_RUNPATH_SEARCH_PATHS = (
					"$(inherited)",
					"@executable_path/../Frameworks",
				);
				MACOSX_DEPLOYMENT_TARGET = 11.0;
				PRODUCT_BUNDLE_IDENTIFIER = com.CarlosHenriqueMartins.Orwell;
				PRODUCT_NAME = "$(TARGET_NAME)";
				SWIFT_VERSION = 5.0;
			};
			name = Debug;
		};
		DE01676A262674D4004D070D /* Release */ = {
			isa = XCBuildConfiguration;
			buildSettings = {
				ASSETCATALOG_COMPILER_APPICON_NAME = AppIcon;
				ASSETCATALOG_COMPILER_GLOBAL_ACCENT_COLOR_NAME = AccentColor;
				CODE_SIGN_ENTITLEMENTS = Orwell/Resources/Orwell.entitlements;
				CODE_SIGN_STYLE = Automatic;
				COMBINE_HIDPI_IMAGES = YES;
				DEVELOPMENT_ASSET_PATHS = "\"Orwell/Preview Content\"";
				DEVELOPMENT_TEAM = HNT2NME926;
				ENABLE_HARDENED_RUNTIME = YES;
				ENABLE_PREVIEWS = YES;
				INFOPLIST_FILE = Orwell/Resources/Info.plist;
				LD_RUNPATH_SEARCH_PATHS = (
					"$(inherited)",
					"@executable_path/../Frameworks",
				);
				MACOSX_DEPLOYMENT_TARGET = 11.0;
				PRODUCT_BUNDLE_IDENTIFIER = com.CarlosHenriqueMartins.Orwell;
				PRODUCT_NAME = "$(TARGET_NAME)";
				SWIFT_VERSION = 5.0;
			};
			name = Release;
		};
		DE01676C262674D4004D070D /* Debug */ = {
			isa = XCBuildConfiguration;
			buildSettings = {
				ALWAYS_EMBED_SWIFT_STANDARD_LIBRARIES = YES;
				BUNDLE_LOADER = "$(TEST_HOST)";
				CODE_SIGN_STYLE = Automatic;
				COMBINE_HIDPI_IMAGES = YES;
				DEVELOPMENT_TEAM = HNT2NME926;
				INFOPLIST_FILE = OrwellTests/Info.plist;
				LD_RUNPATH_SEARCH_PATHS = (
					"$(inherited)",
					"@executable_path/../Frameworks",
					"@loader_path/../Frameworks",
				);
				MACOSX_DEPLOYMENT_TARGET = 10.15;
				PRODUCT_BUNDLE_IDENTIFIER = com.CarlosHenriqueMartins.OrwellTests;
				PRODUCT_NAME = "$(TARGET_NAME)";
				SWIFT_VERSION = 5.0;
				TEST_HOST = "$(BUILT_PRODUCTS_DIR)/Orwell.app/Contents/MacOS/Orwell";
			};
			name = Debug;
		};
		DE01676D262674D4004D070D /* Release */ = {
			isa = XCBuildConfiguration;
			buildSettings = {
				ALWAYS_EMBED_SWIFT_STANDARD_LIBRARIES = YES;
				BUNDLE_LOADER = "$(TEST_HOST)";
				CODE_SIGN_STYLE = Automatic;
				COMBINE_HIDPI_IMAGES = YES;
				DEVELOPMENT_TEAM = HNT2NME926;
				INFOPLIST_FILE = OrwellTests/Info.plist;
				LD_RUNPATH_SEARCH_PATHS = (
					"$(inherited)",
					"@executable_path/../Frameworks",
					"@loader_path/../Frameworks",
				);
				MACOSX_DEPLOYMENT_TARGET = 10.15;
				PRODUCT_BUNDLE_IDENTIFIER = com.CarlosHenriqueMartins.OrwellTests;
				PRODUCT_NAME = "$(TARGET_NAME)";
				SWIFT_VERSION = 5.0;
				TEST_HOST = "$(BUILT_PRODUCTS_DIR)/Orwell.app/Contents/MacOS/Orwell";
			};
			name = Release;
		};
		DE01676F262674D4004D070D /* Debug */ = {
			isa = XCBuildConfiguration;
			buildSettings = {
				ALWAYS_EMBED_SWIFT_STANDARD_LIBRARIES = YES;
				CODE_SIGN_STYLE = Automatic;
				COMBINE_HIDPI_IMAGES = YES;
				DEVELOPMENT_TEAM = HNT2NME926;
				INFOPLIST_FILE = OrwellUITests/Info.plist;
				LD_RUNPATH_SEARCH_PATHS = (
					"$(inherited)",
					"@executable_path/../Frameworks",
					"@loader_path/../Frameworks",
				);
				PRODUCT_BUNDLE_IDENTIFIER = com.CarlosHenriqueMartins.OrwellUITests;
				PRODUCT_NAME = "$(TARGET_NAME)";
				SWIFT_VERSION = 5.0;
				TEST_TARGET_NAME = Orwell;
			};
			name = Debug;
		};
		DE016770262674D4004D070D /* Release */ = {
			isa = XCBuildConfiguration;
			buildSettings = {
				ALWAYS_EMBED_SWIFT_STANDARD_LIBRARIES = YES;
				CODE_SIGN_STYLE = Automatic;
				COMBINE_HIDPI_IMAGES = YES;
				DEVELOPMENT_TEAM = HNT2NME926;
				INFOPLIST_FILE = OrwellUITests/Info.plist;
				LD_RUNPATH_SEARCH_PATHS = (
					"$(inherited)",
					"@executable_path/../Frameworks",
					"@loader_path/../Frameworks",
				);
				PRODUCT_BUNDLE_IDENTIFIER = com.CarlosHenriqueMartins.OrwellUITests;
				PRODUCT_NAME = "$(TARGET_NAME)";
				SWIFT_VERSION = 5.0;
				TEST_TARGET_NAME = Orwell;
			};
			name = Release;
		};
/* End XCBuildConfiguration section */

/* Begin XCConfigurationList section */
		DE01673A262674D3004D070D /* Build configuration list for PBXProject "Orwell" */ = {
			isa = XCConfigurationList;
			buildConfigurations = (
				DE016766262674D4004D070D /* Debug */,
				DE016767262674D4004D070D /* Release */,
			);
			defaultConfigurationIsVisible = 0;
			defaultConfigurationName = Release;
		};
		DE016768262674D4004D070D /* Build configuration list for PBXNativeTarget "Orwell" */ = {
			isa = XCConfigurationList;
			buildConfigurations = (
				DE016769262674D4004D070D /* Debug */,
				DE01676A262674D4004D070D /* Release */,
			);
			defaultConfigurationIsVisible = 0;
			defaultConfigurationName = Release;
		};
		DE01676B262674D4004D070D /* Build configuration list for PBXNativeTarget "OrwellTests" */ = {
			isa = XCConfigurationList;
			buildConfigurations = (
				DE01676C262674D4004D070D /* Debug */,
				DE01676D262674D4004D070D /* Release */,
			);
			defaultConfigurationIsVisible = 0;
			defaultConfigurationName = Release;
		};
		DE01676E262674D4004D070D /* Build configuration list for PBXNativeTarget "OrwellUITests" */ = {
			isa = XCConfigurationList;
			buildConfigurations = (
				DE01676F262674D4004D070D /* Debug */,
				DE016770262674D4004D070D /* Release */,
			);
			defaultConfigurationIsVisible = 0;
			defaultConfigurationName = Release;
		};
/* End XCConfigurationList section */
	};
	rootObject = DE016737262674D3004D070D /* Project object */;
}
